
Microsoft Visual Studio Solution File, Format Version 12.00
Project("{FAE04EC0-301F-11D3-BF4B-00C04F79EFBC}") = "PlayerVSMonster", "PlayerVSMonster\PlayerVSMonster.csproj", "{726149C2-89C2-42DF-B779-68DCF9D4CACC}"
EndProject
Global
	GlobalSection(SolutionConfigurationPlatforms) = preSolution
		Debug|Any CPU = Debug|Any CPU
		Release|Any CPU = Release|Any CPU
	EndGlobalSection
	GlobalSection(ProjectConfigurationPlatforms) = postSolution
		{726149C2-89C2-42DF-B779-68DCF9D4CACC}.Debug|Any CPU.ActiveCfg = Debug|Any CPU
		{726149C2-89C2-42DF-B779-68DCF9D4CACC}.Debug|Any CPU.Build.0 = Debug|Any CPU
		{726149C2-89C2-42DF-B779-68DCF9D4CACC}.Release|Any CPU.ActiveCfg = Release|Any CPU
		{726149C2-89C2-42DF-B779-68DCF9D4CACC}.Release|Any CPU.Build.0 = Release|Any CPU
	EndGlobalSection
EndGlobal
